
Microsoft Visual Studio Solution File, Format Version 12.00
# Visual Studio Version 16
VisualStudioVersion = 16.0.30002.166
MinimumVisualStudioVersion = 10.0.40219.1
Project("{FAE04EC0-301F-11D3-BF4B-00C04F79EFBC}") = "CaptureText", "CaptureText\CaptureText.csproj", "{97000FF8-ABA8-4BFE-95AB-21C98505611B}"
EndProject
Global
	GlobalSection(SolutionConfigurationPlatforms) = preSolution
		Debug|Any CPU = Debug|Any CPU
		Release|Any CPU = Release|Any CPU
	EndGlobalSection
	GlobalSection(ProjectConfigurationPlatforms) = postSolution
		{97000FF8-ABA8-4BFE-95AB-21C98505611B}.Debug|Any CPU.ActiveCfg = Debug|Any CPU
		{97000FF8-ABA8-4BFE-95AB-21C98505611B}.Debug|Any CPU.Build.0 = Debug|Any CPU
		{97000FF8-ABA8-4BFE-95AB-21C98505611B}.Release|Any CPU.ActiveCfg = Release|Any CPU
		{97000FF8-ABA8-4BFE-95AB-21C98505611B}.Release|Any CPU.Build.0 = Release|Any CPU
	EndGlobalSection
	GlobalSection(SolutionProperties) = preSolution
		HideSolutionNode = FALSE
	EndGlobalSection
	GlobalSection(ExtensibilityGlobals) = postSolution
		SolutionGuid = {D798336F-AF07-45B9-9AED-FF7B8DA04975}
	EndGlobalSection
EndGlobal
